// !$*UTF8*$!
{
	archiveVersion = 1;
	classes = {
	};
	objectVersion = 56;
	objects = {

/* Begin PBXBuildFile section */
		364A7DDB2BD7F873003DDD7C /* EnableLocationView.swift in Sources */ = {isa = PBXBuildFile; fileRef = 364A7DDA2BD7F873003DDD7C /* EnableLocationView.swift */; };
		3661D3172BD13C5F004451D4 /* AccukWeatherApp.swift in Sources */ = {isa = PBXBuildFile; fileRef = 3661D3162BD13C5F004451D4 /* AccukWeatherApp.swift */; };
		3661D3192BD13C5F004451D4 /* ContentView.swift in Sources */ = {isa = PBXBuildFile; fileRef = 3661D3182BD13C5F004451D4 /* ContentView.swift */; };
		3661D31B2BD13C61004451D4 /* Assets.xcassets in Resources */ = {isa = PBXBuildFile; fileRef = 3661D31A2BD13C61004451D4 /* Assets.xcassets */; };
		3661D31E2BD13C61004451D4 /* Preview Assets.xcassets in Resources */ = {isa = PBXBuildFile; fileRef = 3661D31D2BD13C61004451D4 /* Preview Assets.xcassets */; };
		366601E22BE2ACA30035254D /* ShowWeatherImage.swift in Sources */ = {isa = PBXBuildFile; fileRef = 366601E12BE2ACA30035254D /* ShowWeatherImage.swift */; };
		368205AD2BD2A092000655C3 /* TodayTabView.swift in Sources */ = {isa = PBXBuildFile; fileRef = 368205AC2BD2A092000655C3 /* TodayTabView.swift */; };
		368205AF2BD2A0AD000655C3 /* ForecastTabView.swift in Sources */ = {isa = PBXBuildFile; fileRef = 368205AE2BD2A0AD000655C3 /* ForecastTabView.swift */; };
		368205B32BD2A0E6000655C3 /* NetworkingManager.swift in Sources */ = {isa = PBXBuildFile; fileRef = 368205B22BD2A0E6000655C3 /* NetworkingManager.swift */; };
		368205B52BD2A20A000655C3 /* WeatherResponse.swift in Sources */ = {isa = PBXBuildFile; fileRef = 368205B42BD2A20A000655C3 /* WeatherResponse.swift */; };
		36BDCA8C2BD724FB00A8A9C0 /* NetworkMonitor.swift in Sources */ = {isa = PBXBuildFile; fileRef = 36BDCA8B2BD724FB00A8A9C0 /* NetworkMonitor.swift */; };
		36BDCA8E2BD729F800A8A9C0 /* TodayTabViewModel.swift in Sources */ = {isa = PBXBuildFile; fileRef = 36BDCA8D2BD729F800A8A9C0 /* TodayTabViewModel.swift */; };
		36F967462BD69C560093FD56 /* LocationManager.swift in Sources */ = {isa = PBXBuildFile; fileRef = 36F967452BD69C560093FD56 /* LocationManager.swift */; };
/* End PBXBuildFile section */

/* Begin PBXFileReference section */
		364A7DDA2BD7F873003DDD7C /* EnableLocationView.swift */ = {isa = PBXFileReference; lastKnownFileType = sourcecode.swift; path = EnableLocationView.swift; sourceTree = "<group>"; };
		3661D3132BD13C5F004451D4 /* AccukWeather.app */ = {isa = PBXFileReference; explicitFileType = wrapper.application; includeInIndex = 0; path = AccukWeather.app; sourceTree = BUILT_PRODUCTS_DIR; };
		3661D3162BD13C5F004451D4 /* AccukWeatherApp.swift */ = {isa = PBXFileReference; lastKnownFileType = sourcecode.swift; path = AccukWeatherApp.swift; sourceTree = "<group>"; };
		3661D3182BD13C5F004451D4 /* ContentView.swift */ = {isa = PBXFileReference; lastKnownFileType = sourcecode.swift; path = ContentView.swift; sourceTree = "<group>"; };
		3661D31A2BD13C61004451D4 /* Assets.xcassets */ = {isa = PBXFileReference; lastKnownFileType = folder.assetcatalog; path = Assets.xcassets; sourceTree = "<group>"; };
		3661D31D2BD13C61004451D4 /* Preview Assets.xcassets */ = {isa = PBXFileReference; lastKnownFileType = folder.assetcatalog; path = "Preview Assets.xcassets"; sourceTree = "<group>"; };
		366601E12BE2ACA30035254D /* ShowWeatherImage.swift */ = {isa = PBXFileReference; lastKnownFileType = sourcecode.swift; path = ShowWeatherImage.swift; sourceTree = "<group>"; };
		368205AA2BD15E25000655C3 /* Info.plist */ = {isa = PBXFileReference; lastKnownFileType = text.plist; path = Info.plist; sourceTree = "<group>"; };
		368205AC2BD2A092000655C3 /* TodayTabView.swift */ = {isa = PBXFileReference; lastKnownFileType = sourcecode.swift; path = TodayTabView.swift; sourceTree = "<group>"; };
		368205AE2BD2A0AD000655C3 /* ForecastTabView.swift */ = {isa = PBXFileReference; lastKnownFileType = sourcecode.swift; path = ForecastTabView.swift; sourceTree = "<group>"; };
		368205B22BD2A0E6000655C3 /* NetworkingManager.swift */ = {isa = PBXFileReference; lastKnownFileType = sourcecode.swift; path = NetworkingManager.swift; sourceTree = "<group>"; };
		368205B42BD2A20A000655C3 /* WeatherResponse.swift */ = {isa = PBXFileReference; lastKnownFileType = sourcecode.swift; path = WeatherResponse.swift; sourceTree = "<group>"; };
		36BDCA8B2BD724FB00A8A9C0 /* NetworkMonitor.swift */ = {isa = PBXFileReference; lastKnownFileType = sourcecode.swift; path = NetworkMonitor.swift; sourceTree = "<group>"; };
		36BDCA8D2BD729F800A8A9C0 /* TodayTabViewModel.swift */ = {isa = PBXFileReference; lastKnownFileType = sourcecode.swift; path = TodayTabViewModel.swift; sourceTree = "<group>"; };
		36F967452BD69C560093FD56 /* LocationManager.swift */ = {isa = PBXFileReference; lastKnownFileType = sourcecode.swift; path = LocationManager.swift; sourceTree = "<group>"; };
/* End PBXFileReference section */

/* Begin PBXFrameworksBuildPhase section */
		3661D3102BD13C5F004451D4 /* Frameworks */ = {
			isa = PBXFrameworksBuildPhase;
			buildActionMask = 2147483647;
			files = (
			);
			runOnlyForDeploymentPostprocessing = 0;
		};
/* End PBXFrameworksBuildPhase section */

/* Begin PBXGroup section */
		3661D30A2BD13C5F004451D4 = {
			isa = PBXGroup;
			children = (
				3661D3152BD13C5F004451D4 /* AccukWeather */,
				3661D3142BD13C5F004451D4 /* Products */,
			);
			sourceTree = "<group>";
		};
		3661D3142BD13C5F004451D4 /* Products */ = {
			isa = PBXGroup;
			children = (
				3661D3132BD13C5F004451D4 /* AccukWeather.app */,
			);
			name = Products;
			sourceTree = "<group>";
		};
		3661D3152BD13C5F004451D4 /* AccukWeather */ = {
			isa = PBXGroup;
			children = (
				368205AA2BD15E25000655C3 /* Info.plist */,
				3661D3162BD13C5F004451D4 /* AccukWeatherApp.swift */,
				3661D3182BD13C5F004451D4 /* ContentView.swift */,
				368205AC2BD2A092000655C3 /* TodayTabView.swift */,
				36BDCA8D2BD729F800A8A9C0 /* TodayTabViewModel.swift */,
				366601E12BE2ACA30035254D /* ShowWeatherImage.swift */,
				364A7DDA2BD7F873003DDD7C /* EnableLocationView.swift */,
				368205AE2BD2A0AD000655C3 /* ForecastTabView.swift */,
				368205B42BD2A20A000655C3 /* WeatherResponse.swift */,
				36BDCA8A2BD724CE00A8A9C0 /* Networking */,
				3661D31A2BD13C61004451D4 /* Assets.xcassets */,
				3661D31C2BD13C61004451D4 /* Preview Content */,
			);
			path = AccukWeather;
			sourceTree = "<group>";
		};
		3661D31C2BD13C61004451D4 /* Preview Content */ = {
			isa = PBXGroup;
			children = (
				3661D31D2BD13C61004451D4 /* Preview Assets.xcassets */,
			);
			path = "Preview Content";
			sourceTree = "<group>";
		};
		36BDCA8A2BD724CE00A8A9C0 /* Networking */ = {
			isa = PBXGroup;
			children = (
				36F967452BD69C560093FD56 /* LocationManager.swift */,
				36BDCA8B2BD724FB00A8A9C0 /* NetworkMonitor.swift */,
				368205B22BD2A0E6000655C3 /* NetworkingManager.swift */,
			);
			path = Networking;
			sourceTree = "<group>";
		};
/* End PBXGroup section */

/* Begin PBXNativeTarget section */
		3661D3122BD13C5F004451D4 /* AccukWeather */ = {
			isa = PBXNativeTarget;
			buildConfigurationList = 3661D3212BD13C61004451D4 /* Build configuration list for PBXNativeTarget "AccukWeather" */;
			buildPhases = (
				3661D30F2BD13C5F004451D4 /* Sources */,
				3661D3102BD13C5F004451D4 /* Frameworks */,
				3661D3112BD13C5F004451D4 /* Resources */,
			);
			buildRules = (
			);
			dependencies = (
			);
			name = AccukWeather;
			productName = AccukWeather;
			productReference = 3661D3132BD13C5F004451D4 /* AccukWeather.app */;
			productType = "com.apple.product-type.application";
		};
/* End PBXNativeTarget section */

/* Begin PBXProject section */
		3661D30B2BD13C5F004451D4 /* Project object */ = {
			isa = PBXProject;
			attributes = {
				BuildIndependentTargetsInParallel = 1;
				LastSwiftUpdateCheck = 1530;
				LastUpgradeCheck = 1530;
				TargetAttributes = {
					3661D3122BD13C5F004451D4 = {
						CreatedOnToolsVersion = 15.3;
					};
				};
			};
			buildConfigurationList = 3661D30E2BD13C5F004451D4 /* Build configuration list for PBXProject "AccukWeather" */;
			compatibilityVersion = "Xcode 14.0";
			developmentRegion = en;
			hasScannedForEncodings = 0;
			knownRegions = (
				en,
				Base,
			);
			mainGroup = 3661D30A2BD13C5F004451D4;
			productRefGroup = 3661D3142BD13C5F004451D4 /* Products */;
			projectDirPath = "";
			projectRoot = "";
			targets = (
				3661D3122BD13C5F004451D4 /* AccukWeather */,
			);
		};
/* End PBXProject section */

/* Begin PBXResourcesBuildPhase section */
		3661D3112BD13C5F004451D4 /* Resources */ = {
			isa = PBXResourcesBuildPhase;
			buildActionMask = 2147483647;
			files = (
				3661D31E2BD13C61004451D4 /* Preview Assets.xcassets in Resources */,
				3661D31B2BD13C61004451D4 /* Assets.xcassets in Resources */,
			);
			runOnlyForDeploymentPostprocessing = 0;
		};
/* End PBXResourcesBuildPhase section */

/* Begin PBXSourcesBuildPhase section */
		3661D30F2BD13C5F004451D4 /* Sources */ = {
			isa = PBXSourcesBuildPhase;
			buildActionMask = 2147483647;
			files = (
				364A7DDB2BD7F873003DDD7C /* EnableLocationView.swift in Sources */,
				3661D3192BD13C5F004451D4 /* ContentView.swift in Sources */,
				36BDCA8C2BD724FB00A8A9C0 /* NetworkMonitor.swift in Sources */,
				368205AF2BD2A0AD000655C3 /* ForecastTabView.swift in Sources */,
				368205B52BD2A20A000655C3 /* WeatherResponse.swift in Sources */,
				36F967462BD69C560093FD56 /* LocationManager.swift in Sources */,
				36BDCA8E2BD729F800A8A9C0 /* TodayTabViewModel.swift in Sources */,
				366601E22BE2ACA30035254D /* ShowWeatherImage.swift in Sources */,
				368205B32BD2A0E6000655C3 /* NetworkingManager.swift in Sources */,
				368205AD2BD2A092000655C3 /* TodayTabView.swift in Sources */,
				3661D3172BD13C5F004451D4 /* AccukWeatherApp.swift in Sources */,
			);
			runOnlyForDeploymentPostprocessing = 0;
		};
/* End PBXSourcesBuildPhase section */

/* Begin XCBuildConfiguration section */
		3661D31F2BD13C61004451D4 /* Debug */ = {
			isa = XCBuildConfiguration;
			buildSettings = {
				ALWAYS_SEARCH_USER_PATHS = NO;
				ASSETCATALOG_COMPILER_GENERATE_SWIFT_ASSET_SYMBOL_EXTENSIONS = YES;
				CLANG_ANALYZER_NONNULL = YES;
				CLANG_ANALYZER_NUMBER_OBJECT_CONVERSION = YES_AGGRESSIVE;
				CLANG_CXX_LANGUAGE_STANDARD = "gnu++20";
				CLANG_ENABLE_MODULES = YES;
				CLANG_ENABLE_OBJC_ARC = YES;
				CLANG_ENABLE_OBJC_WEAK = YES;
				CLANG_WARN_BLOCK_CAPTURE_AUTORELEASING = YES;
				CLANG_WARN_BOOL_CONVERSION = YES;
				CLANG_WARN_COMMA = YES;
				CLANG_WARN_CONSTANT_CONVERSION = YES;
				CLANG_WARN_DEPRECATED_OBJC_IMPLEMENTATIONS = YES;
				CLANG_WARN_DIRECT_OBJC_ISA_USAGE = YES_ERROR;
				CLANG_WARN_DOCUMENTATION_COMMENTS = YES;
				CLANG_WARN_EMPTY_BODY = YES;
				CLANG_WARN_ENUM_CONVERSION = YES;
				CLANG_WARN_INFINITE_RECURSION = YES;
				CLANG_WARN_INT_CONVERSION = YES;
				CLANG_WARN_NON_LITERAL_NULL_CONVERSION = YES;
				CLANG_WARN_OBJC_IMPLICIT_RETAIN_SELF = YES;
				CLANG_WARN_OBJC_LITERAL_CONVERSION = YES;
				CLANG_WARN_OBJC_ROOT_CLASS = YES_ERROR;
				CLANG_WARN_QUOTED_INCLUDE_IN_FRAMEWORK_HEADER = YES;
				CLANG_WARN_RANGE_LOOP_ANALYSIS = YES;
				CLANG_WARN_STRICT_PROTOTYPES = YES;
				CLANG_WARN_SUSPICIOUS_MOVE = YES;
				CLANG_WARN_UNGUARDED_AVAILABILITY = YES_AGGRESSIVE;
				CLANG_WARN_UNREACHABLE_CODE = YES;
				CLANG_WARN__DUPLICATE_METHOD_MATCH = YES;
				COPY_PHASE_STRIP = NO;
				DEBUG_INFORMATION_FORMAT = dwarf;
				ENABLE_STRICT_OBJC_MSGSEND = YES;
				ENABLE_TESTABILITY = YES;
				ENABLE_USER_SCRIPT_SANDBOXING = YES;
				GCC_C_LANGUAGE_STANDARD = gnu17;
				GCC_DYNAMIC_NO_PIC = NO;
				GCC_NO_COMMON_BLOCKS = YES;
				GCC_OPTIMIZATION_LEVEL = 0;
				GCC_PREPROCESSOR_DEFINITIONS = (
					"DEBUG=1",
					"$(inherited)",
				);
				GCC_WARN_64_TO_32_BIT_CONVERSION = YES;
				GCC_WARN_ABOUT_RETURN_TYPE = YES_ERROR;
				GCC_WARN_UNDECLARED_SELECTOR = YES;
				GCC_WARN_UNINITIALIZED_AUTOS = YES_AGGRESSIVE;
				GCC_WARN_UNUSED_FUNCTION = YES;
				GCC_WARN_UNUSED_VARIABLE = YES;
				IPHONEOS_DEPLOYMENT_TARGET = 17.4;
				LOCALIZATION_PREFERS_STRING_CATALOGS = YES;
				MTL_ENABLE_DEBUG_INFO = INCLUDE_SOURCE;
				MTL_FAST_MATH = YES;
				ONLY_ACTIVE_ARCH = YES;
				SDKROOT = iphoneos;
				SWIFT_ACTIVE_COMPILATION_CONDITIONS = "DEBUG $(inherited)";
				SWIFT_OPTIMIZATION_LEVEL = "-Onone";
			};
			name = Debug;
		};
		3661D3202BD13C61004451D4 /* Release */ = {
			isa = XCBuildConfiguration;
			buildSettings = {
				ALWAYS_SEARCH_USER_PATHS = NO;
				ASSETCATALOG_COMPILER_GENERATE_SWIFT_ASSET_SYMBOL_EXTENSIONS = YES;
				CLANG_ANALYZER_NONNULL = YES;
				CLANG_ANALYZER_NUMBER_OBJECT_CONVERSION = YES_AGGRESSIVE;
				CLANG_CXX_LANGUAGE_STANDARD = "gnu++20";
				CLANG_ENABLE_MODULES = YES;
				CLANG_ENABLE_OBJC_ARC = YES;
				CLANG_ENABLE_OBJC_WEAK = YES;
				CLANG_WARN_BLOCK_CAPTURE_AUTORELEASING = YES;
				CLANG_WARN_BOOL_CONVERSION = YES;
				CLANG_WARN_COMMA = YES;
				CLANG_WARN_CONSTANT_CONVERSION = YES;
				CLANG_WARN_DEPRECATED_OBJC_IMPLEMENTATIONS = YES;
				CLANG_WARN_DIRECT_OBJC_ISA_USAGE = YES_ERROR;
				CLANG_WARN_DOCUMENTATION_COMMENTS = YES;
				CLANG_WARN_EMPTY_BODY = YES;
				CLANG_WARN_ENUM_CONVERSION = YES;
				CLANG_WARN_INFINITE_RECURSION = YES;
				CLANG_WARN_INT_CONVERSION = YES;
				CLANG_WARN_NON_LITERAL_NULL_CONVERSION = YES;
				CLANG_WARN_OBJC_IMPLICIT_RETAIN_SELF = YES;
				CLANG_WARN_OBJC_LITERAL_CONVERSION = YES;
				CLANG_WARN_OBJC_ROOT_CLASS = YES_ERROR;
				CLANG_WARN_QUOTED_INCLUDE_IN_FRAMEWORK_HEADER = YES;
				CLANG_WARN_RANGE_LOOP_ANALYSIS = YES;
				CLANG_WARN_STRICT_PROTOTYPES = YES;
				CLANG_WARN_SUSPICIOUS_MOVE = YES;
				CLANG_WARN_UNGUARDED_AVAILABILITY = YES_AGGRESSIVE;
				CLANG_WARN_UNREACHABLE_CODE = YES;
				CLANG_WARN__DUPLICATE_METHOD_MATCH = YES;
				COPY_PHASE_STRIP = NO;
				DEBUG_INFORMATION_FORMAT = "dwarf-with-dsym";
				ENABLE_NS_ASSERTIONS = NO;
				ENABLE_STRICT_OBJC_MSGSEND = YES;
				ENABLE_USER_SCRIPT_SANDBOXING = YES;
				GCC_C_LANGUAGE_STANDARD = gnu17;
				GCC_NO_COMMON_BLOCKS = YES;
				GCC_WARN_64_TO_32_BIT_CONVERSION = YES;
				GCC_WARN_ABOUT_RETURN_TYPE = YES_ERROR;
				GCC_WARN_UNDECLARED_SELECTOR = YES;
				GCC_WARN_UNINITIALIZED_AUTOS = YES_AGGRESSIVE;
				GCC_WARN_UNUSED_FUNCTION = YES;
				GCC_WARN_UNUSED_VARIABLE = YES;
				IPHONEOS_DEPLOYMENT_TARGET = 17.4;
				LOCALIZATION_PREFERS_STRING_CATALOGS = YES;
				MTL_ENABLE_DEBUG_INFO = NO;
				MTL_FAST_MATH = YES;
				SDKROOT = iphoneos;
				SWIFT_COMPILATION_MODE = wholemodule;
				VALIDATE_PRODUCT = YES;
			};
			name = Release;
		};
		3661D3222BD13C61004451D4 /* Debug */ = {
			isa = XCBuildConfiguration;
			buildSettings = {
				ASSETCATALOG_COMPILER_APPICON_NAME = AppIcon;
				ASSETCATALOG_COMPILER_GLOBAL_ACCENT_COLOR_NAME = AccentColor;
				CODE_SIGN_STYLE = Automatic;
				CURRENT_PROJECT_VERSION = 1;
				DEVELOPMENT_ASSET_PATHS = "\"AccukWeather/Preview Content\"";
				DEVELOPMENT_TEAM = S5L3P52742;
				ENABLE_PREVIEWS = YES;
				GENERATE_INFOPLIST_FILE = YES;
				INFOPLIST_FILE = AccukWeather/Info.plist;
				INFOPLIST_KEY_UIApplicationSceneManifest_Generation = YES;
				INFOPLIST_KEY_UIApplicationSupportsIndirectInputEvents = YES;
				INFOPLIST_KEY_UILaunchScreen_Generation = YES;
				INFOPLIST_KEY_UISupportedInterfaceOrientations_iPad = "UIInterfaceOrientationPortrait UIInterfaceOrientationPortraitUpsideDown UIInterfaceOrientationLandscapeLeft UIInterfaceOrientationLandscapeRight";
				INFOPLIST_KEY_UISupportedInterfaceOrientations_iPhone = "UIInterfaceOrientationPortrait UIInterfaceOrientationLandscapeLeft UIInterfaceOrientationLandscapeRight";
				IPHONEOS_DEPLOYMENT_TARGET = 15.0;
				LD_RUNPATH_SEARCH_PATHS = (
					"$(inherited)",
					"@executable_path/Frameworks",
				);
				MARKETING_VERSION = 1.0;
				PRODUCT_BUNDLE_IDENTIFIER = canovskie.AccukWeather;
				PRODUCT_NAME = "$(TARGET_NAME)";
				SWIFT_EMIT_LOC_STRINGS = YES;
				SWIFT_VERSION = 5.0;
				TARGETED_DEVICE_FAMILY = "1,2";
			};
			name = Debug;
		};
		3661D3232BD13C61004451D4 /* Release */ = {
			isa = XCBuildConfiguration;
			buildSettings = {
				ASSETCATALOG_COMPILER_APPICON_NAME = AppIcon;
				ASSETCATALOG_COMPILER_GLOBAL_ACCENT_COLOR_NAME = AccentColor;
				CODE_SIGN_STYLE = Automatic;
				CURRENT_PROJECT_VERSION = 1;
				DEVELOPMENT_ASSET_PATHS = "\"AccukWeather/Preview Content\"";
				DEVELOPMENT_TEAM = S5L3P52742;
				ENABLE_PREVIEWS = YES;
				GENERATE_INFOPLIST_FILE = YES;
				INFOPLIST_FILE = AccukWeather/Info.plist;
				INFOPLIST_KEY_UIApplicationSceneManifest_Generation = YES;
				INFOPLIST_KEY_UIApplicationSupportsIndirectInputEvents = YES;
				INFOPLIST_KEY_UILaunchScreen_Generation = YES;
				INFOPLIST_KEY_UISupportedInterfaceOrientations_iPad = "UIInterfaceOrientationPortrait UIInterfaceOrientationPortraitUpsideDown UIInterfaceOrientationLandscapeLeft UIInterfaceOrientationLandscapeRight";
				INFOPLIST_KEY_UISupportedInterfaceOrientations_iPhone = "UIInterfaceOrientationPortrait UIInterfaceOrientationLandscapeLeft UIInterfaceOrientationLandscapeRight";
				IPHONEOS_DEPLOYMENT_TARGET = 15.0;
				LD_RUNPATH_SEARCH_PATHS = (
					"$(inherited)",
					"@executable_path/Frameworks",
				);
				MARKETING_VERSION = 1.0;
				PRODUCT_BUNDLE_IDENTIFIER = canovskie.AccukWeather;
				PRODUCT_NAME = "$(TARGET_NAME)";
				SWIFT_EMIT_LOC_STRINGS = YES;
				SWIFT_VERSION = 5.0;
				TARGETED_DEVICE_FAMILY = "1,2";
			};
			name = Release;
		};
/* End XCBuildConfiguration section */

/* Begin XCConfigurationList section */
		3661D30E2BD13C5F004451D4 /* Build configuration list for PBXProject "AccukWeather" */ = {
			isa = XCConfigurationList;
			buildConfigurations = (
				3661D31F2BD13C61004451D4 /* Debug */,
				3661D3202BD13C61004451D4 /* Release */,
			);
			defaultConfigurationIsVisible = 0;
			defaultConfigurationName = Release;
		};
		3661D3212BD13C61004451D4 /* Build configuration list for PBXNativeTarget "AccukWeather" */ = {
			isa = XCConfigurationList;
			buildConfigurations = (
				3661D3222BD13C61004451D4 /* Debug */,
				3661D3232BD13C61004451D4 /* Release */,
			);
			defaultConfigurationIsVisible = 0;
			defaultConfigurationName = Release;
		};
/* End XCConfigurationList section */
	};
	rootObject = 3661D30B2BD13C5F004451D4 /* Project object */;
}
